<?xml version="1.0" encoding="utf-8"?>
<Project ToolsVersion="16.0" xmlns="http://schemas.microsoft.com/developer/msbuild/2003">
  <ItemGroup>
    <ClCompile Include="C:\Users\mandy\source\repos\DegreeProject\Classes\AppDelegate.cpp">
      <Filter>Source Files\Classes</Filter>
    </ClCompile>
    <ClCompile Include="C:\Users\mandy\source\repos\DegreeProject\proj.win32\main.cpp">
      <Filter>Source Files\proj.win32</Filter>
    </ClCompile>
    <ClCompile Include="C:\Users\mandy\source\repos\DegreeProject\cocos2d\cocos\precheader.cpp">
      <Filter>Source Files</Filter>
    </ClCompile>
    <ClCompile Include="..\Classes\MainMenuScene.cpp">
      <Filter>Source Files\Classes\Scenes</Filter>
    </ClCompile>
    <ClCompile Include="..\Classes\GameScene.cpp">
      <Filter>Source Files\Classes\Scenes</Filter>
    </ClCompile>
    <ClCompile Include="..\Classes\MainMenuPlayerSetting.cpp">
      <Filter>Source Files\Classes\Scenes</Filter>
    </ClCompile>
    <ClCompile Include="..\Classes\Bank.cpp">
      <Filter>Source Files\Classes\Scenes</Filter>
    </ClCompile>
    <ClCompile Include="..\Classes\Shop.cpp">
      <Filter>Source Files\Classes</Filter>
    </ClCompile>
    <ClCompile Include="..\Classes\ShopProduct.cpp">
      <Filter>Source Files\Classes</Filter>
    </ClCompile>
    <ClCompile Include="..\Classes\Player.cpp">
      <Filter>Source Files\Classes</Filter>
    </ClCompile>
    <ClCompile Include="..\Classes\InfoPanel.cpp">
      <Filter>Source Files\Classes\UI</Filter>
    </ClCompile>
    <ClCompile Include="..\Classes\Canvas.cpp">
      <Filter>Source Files\Classes\UI</Filter>
    </ClCompile>
    <ClCompile Include="..\Classes\GameStartPanel.cpp">
      <Filter>Source Files\Classes\UI</Filter>
    </ClCompile>
    <ClCompile Include="..\Classes\GameOverPanel.cpp">
      <Filter>Source Files\Classes\UI</Filter>
    </ClCompile>
    <ClCompile Include="..\Classes\MyShopSettingPanel.cpp">
      <Filter>Source Files\Classes\UI</Filter>
    </ClCompile>
    <ClCompile Include="..\Classes\UIPanel.cpp">
      <Filter>Source Files\Classes\UI</Filter>
    </ClCompile>
    <ClCompile Include="..\Classes\ActionPanel.cpp">
      <Filter>Source Files\Classes\UI</Filter>
    </ClCompile>
    <ClCompile Include="..\Classes\DataManager.cpp">
      <Filter>Source Files\Classes\Data</Filter>
    </ClCompile>
    <ClCompile Include="..\Classes\GameData.cpp">
      <Filter>Source Files\Classes\Data</Filter>
    </ClCompile>
    <ClCompile Include="..\Classes\GlobalTime.cpp">
      <Filter>Source Files\Classes\Data</Filter>
    </ClCompile>
    <ClCompile Include="..\Classes\MouseOverMenuItem.cpp">
      <Filter>Source Files\Classes\Functions</Filter>
    </ClCompile>
    <ClCompile Include="..\Classes\GameFunctions.cpp">
      <Filter>Source Files\Classes\Functions</Filter>
    </ClCompile>
    <ClCompile Include="..\Classes\GameLoop.cpp">
      <Filter>Source Files\Classes\AI</Filter>
    </ClCompile>
    <ClCompile Include="..\Classes\BasicExpenseData.cpp">
      <Filter>Source Files\Classes\Data</Filter>
    </ClCompile>
    <ClCompile Include="..\Classes\TotalExpense.cpp">
      <Filter>Source Files\Classes\Data</Filter>
    </ClCompile>
    <ClCompile Include="..\Classes\ShopAdmin.cpp">
      <Filter>Source Files\Classes\UI</Filter>
    </ClCompile>
    <ClCompile Include="..\Classes\ShopProductAdmin.cpp">
      <Filter>Source Files\Classes\UI</Filter>
    </ClCompile>
    <ClCompile Include="..\Classes\ShopUpgrade.cpp">
      <Filter>Source Files\Classes\UI</Filter>
    </ClCompile>
    <ClCompile Include="..\Classes\ShopEmployeeAdmin.cpp">
      <Filter>Source Files\Classes\UI</Filter>
    </ClCompile>
    <ClCompile Include="..\Classes\SwitchSceneView.cpp">
      <Filter>Source Files\Classes\Scenes</Filter>
    </ClCompile>
    <ClCompile Include="..\Classes\People.cpp">
      <Filter>Source Files\Classes\UI</Filter>
    </ClCompile>
    <ClCompile Include="..\Classes\SceneViewData.cpp">
      <Filter>Source Files\Classes\Data</Filter>
    </ClCompile>
    <ClCompile Include="..\Classes\SceneLocationData.cpp">
      <Filter>Source Files\Classes\Data</Filter>
    </ClCompile>
  </ItemGroup>
  <ItemGroup>
    <ClInclude Include="C:\Users\mandy\source\repos\DegreeProject\Classes\AppDelegate.h">
      <Filter>Source Files\Classes</Filter>
    </ClInclude>
    <ClInclude Include="C:\Users\mandy\source\repos\DegreeProject\proj.win32\main.h">
      <Filter>Source Files\proj.win32</Filter>
    </ClInclude>
    <ClInclude Include="C:\Users\mandy\source\repos\DegreeProject\proj.win32\resource.h">
      <Filter>Source Files\proj.win32</Filter>
    </ClInclude>
    <ClInclude Include="C:\Users\mandy\source\repos\DegreeProject\Resources\CloseNormal.png">
      <Filter>Resources</Filter>
    </ClInclude>
    <ClInclude Include="C:\Users\mandy\source\repos\DegreeProject\Resources\CloseSelected.png">
      <Filter>Resources</Filter>
    </ClInclude>
    <ClInclude Include="C:\Users\mandy\source\repos\DegreeProject\Resources\HelloWorld.png">
      <Filter>Resources</Filter>
    </ClInclude>
    <ClInclude Include="C:\Users\mandy\source\repos\DegreeProject\Resources\fonts\Marker Felt.ttf">
      <Filter>Resources\fonts</Filter>
    </ClInclude>
    <ClInclude Include="C:\Users\mandy\source\repos\DegreeProject\Resources\fonts\arial.ttf">
      <Filter>Resources\fonts</Filter>
    </ClInclude>
    <ClInclude Include="C:\Users\mandy\source\repos\DegreeProject\Resources\res\.gitkeep">
      <Filter>Resources\res</Filter>
    </ClInclude>
    <ClInclude Include="..\Classes\MainMenuScene.h">
      <Filter>Source Files\Classes\Scenes</Filter>
    </ClInclude>
    <ClInclude Include="..\Classes\GameScene.h">
      <Filter>Source Files\Classes\Scenes</Filter>
    </ClInclude>
    <ClInclude Include="..\Classes\MainMenuPlayerSetting.h">
      <Filter>Source Files\Classes\Scenes</Filter>
    </ClInclude>
    <ClInclude Include="..\Classes\Bank.h">
      <Filter>Source Files\Classes\Scenes</Filter>
    </ClInclude>
    <ClInclude Include="..\Classes\Shop.h">
      <Filter>Source Files\Classes</Filter>
    </ClInclude>
    <ClInclude Include="..\Classes\ShopProduct.h">
      <Filter>Source Files\Classes</Filter>
    </ClInclude>
    <ClInclude Include="..\Classes\Player.h">
      <Filter>Source Files\Classes</Filter>
    </ClInclude>
    <ClInclude Include="..\Classes\Canvas.h">
      <Filter>Source Files\Classes\UI</Filter>
    </ClInclude>
    <ClInclude Include="..\Classes\InfoPanel.h">
      <Filter>Source Files\Classes\UI</Filter>
    </ClInclude>
    <ClInclude Include="..\Classes\GameStartPanel.h">
      <Filter>Source Files\Classes\UI</Filter>
    </ClInclude>
    <ClInclude Include="..\Classes\GameOverPanel.h">
      <Filter>Source Files\Classes\UI</Filter>
    </ClInclude>
    <ClInclude Include="..\Classes\MyShopSettingPanel.h">
      <Filter>Source Files\Classes\UI</Filter>
    </ClInclude>
    <ClInclude Include="..\Classes\UIPanel.h">
      <Filter>Source Files\Classes\UI</Filter>
    </ClInclude>
    <ClInclude Include="..\Classes\ActionPanel.h">
      <Filter>Source Files\Classes\UI</Filter>
    </ClInclude>
    <ClInclude Include="..\Classes\DataManager.h">
      <Filter>Source Files\Classes\Data</Filter>
    </ClInclude>
    <ClInclude Include="..\Classes\EPanel.h">
      <Filter>Source Files\Classes\Data</Filter>
    </ClInclude>
    <ClInclude Include="..\Classes\GameData.h">
      <Filter>Source Files\Classes\Data</Filter>
    </ClInclude>
    <ClInclude Include="..\Classes\ProductData.h">
      <Filter>Source Files\Classes\Data</Filter>
    </ClInclude>
    <ClInclude Include="..\Classes\GlobalTime.h">
      <Filter>Source Files\Classes\Data</Filter>
    </ClInclude>
    <ClInclude Include="..\Classes\MouseOverMenuItem.h">
      <Filter>Source Files\Classes\Functions</Filter>
    </ClInclude>
    <ClInclude Include="..\Classes\GameFunctions.h">
      <Filter>Source Files\Classes\Functions</Filter>
    </ClInclude>
    <ClInclude Include="..\Classes\GameLoop.h">
      <Filter>Source Files\Classes\AI</Filter>
    </ClInclude>
    <ClInclude Include="..\Classes\EGameStates.h">
      <Filter>Source Files\Classes\Data</Filter>
    </ClInclude>
    <ClInclude Include="..\Classes\GameTime.h">
      <Filter>Source Files\Classes\Data</Filter>
    </ClInclude>
    <ClInclude Include="..\Classes\BasicExpenseData.h">
      <Filter>Source Files\Classes\Data</Filter>
    </ClInclude>
    <ClInclude Include="..\Classes\TotalExpense.h">
      <Filter>Source Files\Classes\Data</Filter>
    </ClInclude>
    <ClInclude Include="..\Classes\ShopAdmin.h">
      <Filter>Source Files\Classes\UI</Filter>
    </ClInclude>
    <ClInclude Include="..\Classes\ShopProductAdmin.h">
      <Filter>Source Files\Classes\UI</Filter>
    </ClInclude>
    <ClInclude Include="..\Classes\ShopUpgrade.h">
      <Filter>Source Files\Classes\UI</Filter>
    </ClInclude>
    <ClInclude Include="..\Classes\ShopEmployeeAdmin.h">
      <Filter>Source Files\Classes\UI</Filter>
    </ClInclude>
    <ClInclude Include="..\Classes\EmployeeData.h">
      <Filter>Source Files\Classes\Data</Filter>
    </ClInclude>
    <ClInclude Include="..\Classes\SwitchSceneView.h">
      <Filter>Source Files\Classes\Scenes</Filter>
    </ClInclude>
    <ClInclude Include="..\Classes\Car.h">
      <Filter>Source Files\Classes\AI</Filter>
    </ClInclude>
    <ClInclude Include="..\Classes\EViews.h">
      <Filter>Source Files\Classes\Data</Filter>
    </ClInclude>
    <ClInclude Include="..\Classes\People.h">
      <Filter>Source Files\Classes\UI</Filter>
    </ClInclude>
    <ClInclude Include="..\Classes\SceneViewData.h">
      <Filter>Source Files\Classes\Data</Filter>
    </ClInclude>
    <ClInclude Include="..\Classes\SceneLocationData.h">
      <Filter>Source Files\Classes\Data</Filter>
    </ClInclude>
  </ItemGroup>
  <ItemGroup>
    <CustomBuild Include="C:\Users\mandy\source\repos\DegreeProject\CMakeLists.txt" />
  </ItemGroup>
  <ItemGroup>
    <ResourceCompile Include="C:\Users\mandy\source\repos\DegreeProject\proj.win32\game.rc">
      <Filter>Source Files\proj.win32</Filter>
    </ResourceCompile>
  </ItemGroup>
  <ItemGroup>
    <Filter Include="Resources">
      <UniqueIdentifier>{FE5E16C5-75F3-3901-94ED-28D8D3BAEED7}</UniqueIdentifier>
    </Filter>
    <Filter Include="Resources\fonts">
      <UniqueIdentifier>{A3FA6A81-7021-3105-A733-C19E05E1A9CA}</UniqueIdentifier>
    </Filter>
    <Filter Include="Resources\res">
      <UniqueIdentifier>{02735C61-336A-3820-8F0D-935D7E0EF1C0}</UniqueIdentifier>
    </Filter>
    <Filter Include="Source Files">
      <UniqueIdentifier>{B8FEDB54-8EF3-36F0-8E09-22DC5B95A7B0}</UniqueIdentifier>
    </Filter>
    <Filter Include="Source Files\Classes">
      <UniqueIdentifier>{1C06B38A-F4E8-35B4-BA25-C3523226E27A}</UniqueIdentifier>
    </Filter>
    <Filter Include="Source Files\proj.win32">
      <UniqueIdentifier>{E407AFDB-71B4-3CC1-8CD5-6D99C2F9A7B9}</UniqueIdentifier>
    </Filter>
    <Filter Include="Source Files\Classes\Scenes">
      <UniqueIdentifier>{96a26766-1a3f-4c79-8853-bf2a9ae194bb}</UniqueIdentifier>
    </Filter>
    <Filter Include="Source Files\Classes\UI">
      <UniqueIdentifier>{eb60b117-3bf7-4144-9047-c22030741b8d}</UniqueIdentifier>
    </Filter>
    <Filter Include="Source Files\Classes\Data">
      <UniqueIdentifier>{35c15115-65bd-46cb-80f3-cc5b1ca7c339}</UniqueIdentifier>
    </Filter>
    <Filter Include="Source Files\Classes\Functions">
      <UniqueIdentifier>{87f88df6-cf05-45c2-9de5-24b4fd54df4d}</UniqueIdentifier>
    </Filter>
    <Filter Include="Source Files\Classes\AI">
      <UniqueIdentifier>{3c91cc57-59a3-4939-b86f-4b77c72caa18}</UniqueIdentifier>
    </Filter>
  </ItemGroup>
  <ItemGroup>
    <None Include="..\Resources\Json\Shop.json">
      <Filter>Resources</Filter>
    </None>
  </ItemGroup>
</Project>